
Microsoft Visual Studio Solution File, Format Version 12.00
# Visual Studio Version 17
VisualStudioVersion = 17.12.35527.113
MinimumVisualStudioVersion = 10.0.40219.1
Project("{FAE04EC0-301F-11D3-BF4B-00C04F79EFBC}") = "FMFlowAPI", "FMFlowAPI\FMFlowAPI\FMFlowAPI.csproj", "{6E08C04F-1150-48FA-B174-C5457433CF6C}"
EndProject
Project("{FAE04EC0-301F-11D3-BF4B-00C04F79EFBC}") = "FMFlow.Data", "FMFlowAPI\FMFlow.Data\FMFlow.Data.csproj", "{5B7A6870-9E52-4FC0-93CD-676B09269595}"
EndProject
Project("{FAE04EC0-301F-11D3-BF4B-00C04F79EFBC}") = "FMFlow.UnitTest", "FMFlowAPI\FMFlow.UnitTest\FMFlow.UnitTest.csproj", "{A98F1519-C7A3-4C97-8555-9547A6303A8C}"
EndProject
Project("{FAE04EC0-301F-11D3-BF4B-00C04F79EFBC}") = "FMFlow.Identity.Service", "FMFlowAPI\FMFlow.Identity.Service\FMFlow.Identity.Service.csproj", "{5045971D-D561-46B4-92D7-25CD2733466B}"
EndProject
Project("{FAE04EC0-301F-11D3-BF4B-00C04F79EFBC}") = "FMFlow.FlowAPI.Interface", "FMFlowAPI\FMFlow.FlowAPI.Interface\FMFlow.FlowAPI.Interface.csproj", "{B60E8CCD-7B78-4824-891E-64B3AAA100DA}"
EndProject
Project("{FAE04EC0-301F-11D3-BF4B-00C04F79EFBC}") = "FMFlow.AppHost", "Aspire\FMFlow.AppHost\FMFlow.AppHost.csproj", "{8520EDAA-3601-41FA-B8B3-25B6B806A2B6}"
EndProject
Project("{FAE04EC0-301F-11D3-BF4B-00C04F79EFBC}") = "FMFlow.ServiceDefaults", "Aspire\FMFlow.ServiceDefaults\FMFlow.ServiceDefaults.csproj", "{DD699B8B-D394-4E86-AC27-64710FCD5EFE}"
EndProject
Project("{FAE04EC0-301F-11D3-BF4B-00C04F79EFBC}") = "FMFlow.Login.Interface", "FMFlowAPI\FMFlow.Login\FMFlow.Login.Interface.csproj", "{10AC448A-5A16-4EB5-A6C1-97DE3DCEB4FB}"
EndProject
Project("{FAE04EC0-301F-11D3-BF4B-00C04F79EFBC}") = "FMFlow.Login.Service", "FMFlowAPI\FMFlow.Login.Service\FMFlow.Login.Service.csproj", "{AEE2D62B-01FC-4272-9E39-F91D9B35096D}"
EndProject
Project("{FAE04EC0-301F-11D3-BF4B-00C04F79EFBC}") = "FMFlow.Identity.Interface", "FMFlowAPI\FMFlow.Identity\FMFlow.Identity.Interface.csproj", "{DCA89AC5-A144-4A7B-9368-CE6CE39461E2}"
EndProject
Project("{FAE04EC0-301F-11D3-BF4B-00C04F79EFBC}") = "FMFlow.Referral.Interface", "FMFlowAPI\FMFlow.Referral\FMFlow.Referral.Interface.csproj", "{D525A2A7-9921-4C22-BB0C-801B4DD08518}"
EndProject
Project("{FAE04EC0-301F-11D3-BF4B-00C04F79EFBC}") = "FMFlow.ProPayments.Interface", "FMFlowAPI\FMFlow.Payment\FMFlow.ProPayments.Interface.csproj", "{5DF00B7A-613E-41F1-A823-AF56E8614E5A}"
EndProject
Project("{FAE04EC0-301F-11D3-BF4B-00C04F79EFBC}") = "FMFlow.ProPayments.Service", "FMFlowAPI\FMFlow.Payment.Service\FMFlow.ProPayments.Service.csproj", "{7D19455A-8635-4627-9488-68AE0FD0FA84}"
EndProject
Project("{FAE04EC0-301F-11D3-BF4B-00C04F79EFBC}") = "FMFlow.Entities", "FMFlowAPI\FMFlow.Entities\FMFlow.Entities.csproj", "{15A5BE39-3064-43E7-BE46-850ABC7B6E1E}"
EndProject
Project("{FAE04EC0-301F-11D3-BF4B-00C04F79EFBC}") = "FMFlow.Admin.Interface", "FMFlowAPI\FMFlow.Admin\FMFlow.Admin.Interface.csproj", "{13E2CFCC-9D76-4E8E-972F-CF6C9488662A}"
EndProject
Project("{FAE04EC0-301F-11D3-BF4B-00C04F79EFBC}") = "FMFlow.Admin.Service", "FMFlowAPI\FMFlow.Admin.Service\FMFlow.Admin.Service.csproj", "{9BA4DD2F-D90A-43AF-A6C7-9F25B506CBEB}"
EndProject
Project("{FAE04EC0-301F-11D3-BF4B-00C04F79EFBC}") = "FMFlow.ProUser.Interface", "FMFlowAPI\FMFlow.ProUser\FMFlow.ProUser.Interface.csproj", "{7F91EF1C-FFA8-C692-0535-C6DDF060AB82}"
EndProject
Project("{FAE04EC0-301F-11D3-BF4B-00C04F79EFBC}") = "FMFlow.ProUser.Service", "FMFlowAPI\FMFlow.ProUser.Service\FMFlow.ProUser.Service.csproj", "{A8C3FBF8-AC38-2A41-BF66-D6C8EC073177}"
EndProject
Project("{FAE04EC0-301F-11D3-BF4B-00C04F79EFBC}") = "FMFlow.Pro.Interface", "FMFlowAPI\FMFlow.Pro.Interface\FMFlow.Pro.Interface.csproj", "{ADFFE66A-023C-45AB-BB10-982784715336}"
EndProject
Project("{FAE04EC0-301F-11D3-BF4B-00C04F79EFBC}") = "FMFlow.Pro.Service", "FMFlowAPI\FMFlow.Pro.Service\FMFlow.Pro.Service.csproj", "{B26142B8-F26A-4489-B380-E4AE4BD78AFB}"
EndProject
Project("{2150E333-8FDC-42A3-9474-1A3956D46DE8}") = "Solution Items", "Solution Items", "{8EC462FD-D22E-90A8-E5CE-7E832BA40C5D}"
	ProjectSection(SolutionItems) = preProject
		api-tests.http = api-tests.http
		..\ReadMe.md = ..\ReadMe.md
	EndProjectSection
EndProject
Project("{FAE04EC0-301F-11D3-BF4B-00C04F79EFBC}") = "FMFlow.Leads.Service", "FMFlowAPI\FMFlow.Leads.Service\FMFlow.Leads.Service.csproj", "{DEE24B7B-036F-79DB-FF60-A5449C3D3B1E}"
EndProject
Project("{FAE04EC0-301F-11D3-BF4B-00C04F79EFBC}") = "FMFlow.Leads.Interface", "FMFlowAPI\FMFlow.Leads.Interface\FMFlow.Leads.Interface.csproj", "{B824B78A-5F54-B26B-C938-E7A5399DB87F}"
EndProject
Project("{FAE04EC0-301F-11D3-BF4B-00C04F79EFBC}") = "FMFlow.Employees.Interface", "FMFlowAPI\FMFlow.Employees.Interface\FMFlow.Employees.Interface.csproj", "{1B1BA48A-EF20-4510-B578-6D868DC01A8E}"
EndProject
Project("{FAE04EC0-301F-11D3-BF4B-00C04F79EFBC}") = "FMFlow.Employees.Service", "FMFlowAPI\FMFlow.Employees.Service\FMFlow.Employees.Service.csproj", "{AA1E6A09-25D6-46E7-A21B-27D32ADDE8AE}"
EndProject
Project("{FAE04EC0-301F-11D3-BF4B-00C04F79EFBC}") = "FMFlow.Projects.Service", "FMFlowAPI\FMFlow.Projects.Service\FMFlow.Projects.Service.csproj", "{EC418443-0F7C-4398-8AC2-206BCEB328AF}"
EndProject
Project("{FAE04EC0-301F-11D3-BF4B-00C04F79EFBC}") = "FMFlow.Projects.Interface", "FMFlowAPI\FMFlow.Projects.Interface\FMFlow.Projects.Interface.csproj", "{3008B7B3-EA31-45FD-868D-66F2C19115D4}"
EndProject
Project("{FAE04EC0-301F-11D3-BF4B-00C04F79EFBC}") = "FMFlow.Common", "FMFlowAPI\FMFlow.Common\FMFlow.Common.csproj", "{5545E346-D0B6-4389-B40E-C8D83403698E}"
EndProject
Project("{FAE04EC0-301F-11D3-BF4B-00C04F79EFBC}") = "FMFlow.Estimates.Interface", "FMFlowAPI\FMFlow.Estimates.Interface\FMFlow.Estimates.Interface.csproj", "{5F58C54B-21E9-4C4F-A79E-3310A06B143D}"
EndProject
Project("{FAE04EC0-301F-11D3-BF4B-00C04F79EFBC}") = "FMFlow.Estimates.Service", "FMFlowAPI\FMFlow.Estimates.Service\FMFlow.Estimates.Service.csproj", "{B292746A-3A68-4E83-98CF-294BBACD74A2}"
EndProject
Project("{FAE04EC0-301F-11D3-BF4B-00C04F79EFBC}") = "FMFlow.Integrations.Interface", "FMFlowAPI\FMFlow.Integrations.Interface\FMFlow.Integrations.Interface.csproj", "{09CD3FA7-1C03-451A-B806-C60462D3B4DE}"
EndProject
Project("{FAE04EC0-301F-11D3-BF4B-00C04F79EFBC}") = "FMFlow.Integrations.Service", "FMFlowAPI\FMFlow.Integrations.Service\FMFlow.Integrations.Service.csproj", "{7DEF43D3-E650-4182-9173-CB426C2A7D0A}"
EndProject
Project("{FAE04EC0-301F-11D3-BF4B-00C04F79EFBC}") = "FMFlow.Email.Interface", "FMFlowAPI\FMFlow.Email.Interface\FMFlow.Email.Interface.csproj", "{C0F35D21-C1A1-404A-9C49-7CD682B553A8}"
EndProject
Project("{FAE04EC0-301F-11D3-BF4B-00C04F79EFBC}") = "FMFlow.Email.Service", "FMFlowAPI\FMFlow.Email.Service\FMFlow.Email.Service.csproj", "{261191DF-2D76-4B79-B53C-3540E4224C85}"
EndProject
Project("{FAE04EC0-301F-11D3-BF4B-00C04F79EFBC}") = "FMFlow.AccessValidation", "FMFlowAPI\FMFlow.AccessValidation\FMFlow.AccessValidation.csproj", "{78AF81F4-6344-BEB3-62C7-3B0B6D40809A}"
EndProject
Project("{FAE04EC0-301F-11D3-BF4B-00C04F79EFBC}") = "FMFlow.Files.Interface", "FMFlowAPI\FMFlow.Files.Interface\FMFlow.Files.Interface.csproj", "{584B7E7D-B03A-4171-9E53-217DA41C2DDC}"
EndProject
Project("{FAE04EC0-301F-11D3-BF4B-00C04F79EFBC}") = "FMFlow.Files.Service", "FMFlowAPI\FMFlow.Files.Service\FMFlow.Files.Service.csproj", "{44125A6A-E07F-4CAA-AB79-1DEAAA5933C1}"
EndProject
Project("{FAE04EC0-301F-11D3-BF4B-00C04F79EFBC}") = "FMFlow.Customers.Interface", "FMFlowAPI\FMFlow.Customers.Interface\FMFlow.Customers.Interface.csproj", "{F5175C77-E1EB-4DE3-92EC-CA545B4DEDBC}"
EndProject
Project("{FAE04EC0-301F-11D3-BF4B-00C04F79EFBC}") = "FMFlow.Customers.Service", "FMFlowAPI\FMFlow.Customers.Service\FMFlow.Customers.Service.csproj", "{83FBEF98-B6B1-4491-970C-DDE1962F1157}"
EndProject
Project("{E53339B2-1760-4266-BCC7-CA923CBCF16C}") = "docker-compose", "docker-compose.dcproj", "{81DDED9D-158B-E303-5F62-77A2896D2A5A}"
EndProject
Project("{FAE04EC0-301F-11D3-BF4B-00C04F79EFBC}") = "FMFlow.Events.Interface", "FMFlowAPI\FMFlow.Events.Interface\FMFlow.Events.Interface.csproj", "{DB940E54-8B82-1BDC-926F-F1BA17B9BE9A}"
EndProject
Project("{FAE04EC0-301F-11D3-BF4B-00C04F79EFBC}") = "FMFlow.Events.Service", "FMFlowAPI\FMFlow.Events.Service\FMFlow.Events.Service.csproj", "{2BB85A0A-800A-30E9-AA14-B76C68D5A6CF}"
EndProject
Project("{FAE04EC0-301F-11D3-BF4B-00C04F79EFBC}") = "FMFlow.Integrations.MxMerchant.Interface", "FMFlowAPI\FMFlow.Integrations.MxMerchant.Interface\FMFlow.Integrations.MxMerchant.Interface.csproj", "{6873EE64-FB8D-3C5A-D28A-2F59FCC421A5}"
EndProject
Project("{FAE04EC0-301F-11D3-BF4B-00C04F79EFBC}") = "FMFlow.Transactions.Interface", "FMFlowAPI\FMFlow.Transactions.Interface\FMFlow.Transactions.Interface.csproj", "{42A485B8-2B11-2727-6F76-716203AF65D7}"
EndProject
Project("{FAE04EC0-301F-11D3-BF4B-00C04F79EFBC}") = "FMFlow.Transactions.Service", "FMFlowAPI\FMFlow.Transactions.Service\FMFlow.Transactions.Service.csproj", "{CD5BA6F9-54A0-008D-FD86-8F9505C102CB}"
EndProject
Project("{FAE04EC0-301F-11D3-BF4B-00C04F79EFBC}") = "FMFlow.LeadTimelines.Interface", "FMFlowAPI\FMFlow.LeadTimelines.Interface\FMFlow.LeadTimelines.Interface.csproj", "{85FFD13A-8E65-768F-3A08-0D8EB5908630}"
EndProject
Project("{FAE04EC0-301F-11D3-BF4B-00C04F79EFBC}") = "FMFlow.LeadTimelines.Service", "FMFlowAPI\FMFlow.LeadTimelines.Service\FMFlow.LeadTimelines.Service.csproj", "{A49707D6-1F9B-E85A-9E42-E92D1C500D51}"
EndProject
Project("{FAE04EC0-301F-11D3-BF4B-00C04F79EFBC}") = "FMFlow.SMS.Service", "FMFlowAPI\FMFlow.SMS.Service\FMFlow.SMS.Service.csproj", "{50625452-8EB0-466E-9DF1-7D96C5FC2FC2}"
EndProject
Project("{FAE04EC0-301F-11D3-BF4B-00C04F79EFBC}") = "FMFlow.SMS.Interface", "FMFlowAPI\FMFlow.SMS.Interface\FMFlow.SMS.Interface.csproj", "{D5738B1F-918D-4937-800F-715FBDB24FD7}"
EndProject
Project("{FAE04EC0-301F-11D3-BF4B-00C04F79EFBC}") = "FMFlow.Integrations.Firebase", "FMFlowAPI\FMFlow.Integrations.Firebase\FMFlow.Integrations.Firebase.csproj", "{A2B65796-3F31-436A-AE77-EE6A92197DFC}"
EndProject
Project("{FAE04EC0-301F-11D3-BF4B-00C04F79EFBC}") = "FMFlow.IntegrationTest", "FMFlowAPI\FMFlow.IntegrationTest\FMFlow.IntegrationTest.csproj", "{25AC3874-DEA2-49E5-9F70-2D1794F2CB2D}"
EndProject
Global
	GlobalSection(SolutionConfigurationPlatforms) = preSolution
		Debug|Any CPU = Debug|Any CPU
		Debug|x64 = Debug|x64
		Debug|x86 = Debug|x86
		Release|Any CPU = Release|Any CPU
		Release|x64 = Release|x64
		Release|x86 = Release|x86
	EndGlobalSection
	GlobalSection(ProjectConfigurationPlatforms) = postSolution
		{6E08C04F-1150-48FA-B174-C5457433CF6C}.Debug|Any CPU.ActiveCfg = Debug|Any CPU
		{6E08C04F-1150-48FA-B174-C5457433CF6C}.Debug|Any CPU.Build.0 = Debug|Any CPU
		{6E08C04F-1150-48FA-B174-C5457433CF6C}.Debug|x64.ActiveCfg = Debug|Any CPU
		{6E08C04F-1150-48FA-B174-C5457433CF6C}.Debug|x64.Build.0 = Debug|Any CPU
		{6E08C04F-1150-48FA-B174-C5457433CF6C}.Debug|x86.ActiveCfg = Debug|Any CPU
		{6E08C04F-1150-48FA-B174-C5457433CF6C}.Debug|x86.Build.0 = Debug|Any CPU
		{6E08C04F-1150-48FA-B174-C5457433CF6C}.Release|Any CPU.ActiveCfg = Release|Any CPU
		{6E08C04F-1150-48FA-B174-C5457433CF6C}.Release|Any CPU.Build.0 = Release|Any CPU
		{6E08C04F-1150-48FA-B174-C5457433CF6C}.Release|x64.ActiveCfg = Release|Any CPU
		{6E08C04F-1150-48FA-B174-C5457433CF6C}.Release|x64.Build.0 = Release|Any CPU
		{6E08C04F-1150-48FA-B174-C5457433CF6C}.Release|x86.ActiveCfg = Release|Any CPU
		{6E08C04F-1150-48FA-B174-C5457433CF6C}.Release|x86.Build.0 = Release|Any CPU
		{5B7A6870-9E52-4FC0-93CD-676B09269595}.Debug|Any CPU.ActiveCfg = Debug|Any CPU
		{5B7A6870-9E52-4FC0-93CD-676B09269595}.Debug|Any CPU.Build.0 = Debug|Any CPU
		{5B7A6870-9E52-4FC0-93CD-676B09269595}.Debug|x64.ActiveCfg = Debug|Any CPU
		{5B7A6870-9E52-4FC0-93CD-676B09269595}.Debug|x64.Build.0 = Debug|Any CPU
		{5B7A6870-9E52-4FC0-93CD-676B09269595}.Debug|x86.ActiveCfg = Debug|Any CPU
		{5B7A6870-9E52-4FC0-93CD-676B09269595}.Debug|x86.Build.0 = Debug|Any CPU
		{5B7A6870-9E52-4FC0-93CD-676B09269595}.Release|Any CPU.ActiveCfg = Release|Any CPU
		{5B7A6870-9E52-4FC0-93CD-676B09269595}.Release|Any CPU.Build.0 = Release|Any CPU
		{5B7A6870-9E52-4FC0-93CD-676B09269595}.Release|x64.ActiveCfg = Release|Any CPU
		{5B7A6870-9E52-4FC0-93CD-676B09269595}.Release|x64.Build.0 = Release|Any CPU
		{5B7A6870-9E52-4FC0-93CD-676B09269595}.Release|x86.ActiveCfg = Release|Any CPU
		{5B7A6870-9E52-4FC0-93CD-676B09269595}.Release|x86.Build.0 = Release|Any CPU
		{A98F1519-C7A3-4C97-8555-9547A6303A8C}.Debug|Any CPU.ActiveCfg = Debug|Any CPU
		{A98F1519-C7A3-4C97-8555-9547A6303A8C}.Debug|Any CPU.Build.0 = Debug|Any CPU
		{A98F1519-C7A3-4C97-8555-9547A6303A8C}.Debug|x64.ActiveCfg = Debug|Any CPU
		{A98F1519-C7A3-4C97-8555-9547A6303A8C}.Debug|x64.Build.0 = Debug|Any CPU
		{A98F1519-C7A3-4C97-8555-9547A6303A8C}.Debug|x86.ActiveCfg = Debug|Any CPU
		{A98F1519-C7A3-4C97-8555-9547A6303A8C}.Debug|x86.Build.0 = Debug|Any CPU
		{A98F1519-C7A3-4C97-8555-9547A6303A8C}.Release|Any CPU.ActiveCfg = Release|Any CPU
		{A98F1519-C7A3-4C97-8555-9547A6303A8C}.Release|Any CPU.Build.0 = Release|Any CPU
		{A98F1519-C7A3-4C97-8555-9547A6303A8C}.Release|x64.ActiveCfg = Release|Any CPU
		{A98F1519-C7A3-4C97-8555-9547A6303A8C}.Release|x64.Build.0 = Release|Any CPU
		{A98F1519-C7A3-4C97-8555-9547A6303A8C}.Release|x86.ActiveCfg = Release|Any CPU
		{A98F1519-C7A3-4C97-8555-9547A6303A8C}.Release|x86.Build.0 = Release|Any CPU
		{5045971D-D561-46B4-92D7-25CD2733466B}.Debug|Any CPU.ActiveCfg = Debug|Any CPU
		{5045971D-D561-46B4-92D7-25CD2733466B}.Debug|Any CPU.Build.0 = Debug|Any CPU
		{5045971D-D561-46B4-92D7-25CD2733466B}.Debug|x64.ActiveCfg = Debug|Any CPU
		{5045971D-D561-46B4-92D7-25CD2733466B}.Debug|x64.Build.0 = Debug|Any CPU
		{5045971D-D561-46B4-92D7-25CD2733466B}.Debug|x86.ActiveCfg = Debug|Any CPU
		{5045971D-D561-46B4-92D7-25CD2733466B}.Debug|x86.Build.0 = Debug|Any CPU
		{5045971D-D561-46B4-92D7-25CD2733466B}.Release|Any CPU.ActiveCfg = Release|Any CPU
		{5045971D-D561-46B4-92D7-25CD2733466B}.Release|Any CPU.Build.0 = Release|Any CPU
		{5045971D-D561-46B4-92D7-25CD2733466B}.Release|x64.ActiveCfg = Release|Any CPU
		{5045971D-D561-46B4-92D7-25CD2733466B}.Release|x64.Build.0 = Release|Any CPU
		{5045971D-D561-46B4-92D7-25CD2733466B}.Release|x86.ActiveCfg = Release|Any CPU
		{5045971D-D561-46B4-92D7-25CD2733466B}.Release|x86.Build.0 = Release|Any CPU
		{B60E8CCD-7B78-4824-891E-64B3AAA100DA}.Debug|Any CPU.ActiveCfg = Debug|Any CPU
		{B60E8CCD-7B78-4824-891E-64B3AAA100DA}.Debug|Any CPU.Build.0 = Debug|Any CPU
		{B60E8CCD-7B78-4824-891E-64B3AAA100DA}.Debug|x64.ActiveCfg = Debug|Any CPU
		{B60E8CCD-7B78-4824-891E-64B3AAA100DA}.Debug|x64.Build.0 = Debug|Any CPU
		{B60E8CCD-7B78-4824-891E-64B3AAA100DA}.Debug|x86.ActiveCfg = Debug|Any CPU
		{B60E8CCD-7B78-4824-891E-64B3AAA100DA}.Debug|x86.Build.0 = Debug|Any CPU
		{B60E8CCD-7B78-4824-891E-64B3AAA100DA}.Release|Any CPU.ActiveCfg = Release|Any CPU
		{B60E8CCD-7B78-4824-891E-64B3AAA100DA}.Release|Any CPU.Build.0 = Release|Any CPU
		{B60E8CCD-7B78-4824-891E-64B3AAA100DA}.Release|x64.ActiveCfg = Release|Any CPU
		{B60E8CCD-7B78-4824-891E-64B3AAA100DA}.Release|x64.Build.0 = Release|Any CPU
		{B60E8CCD-7B78-4824-891E-64B3AAA100DA}.Release|x86.ActiveCfg = Release|Any CPU
		{B60E8CCD-7B78-4824-891E-64B3AAA100DA}.Release|x86.Build.0 = Release|Any CPU
		{8520EDAA-3601-41FA-B8B3-25B6B806A2B6}.Debug|Any CPU.ActiveCfg = Debug|Any CPU
		{8520EDAA-3601-41FA-B8B3-25B6B806A2B6}.Debug|Any CPU.Build.0 = Debug|Any CPU
		{8520EDAA-3601-41FA-B8B3-25B6B806A2B6}.Debug|x64.ActiveCfg = Debug|Any CPU
		{8520EDAA-3601-41FA-B8B3-25B6B806A2B6}.Debug|x64.Build.0 = Debug|Any CPU
		{8520EDAA-3601-41FA-B8B3-25B6B806A2B6}.Debug|x86.ActiveCfg = Debug|Any CPU
		{8520EDAA-3601-41FA-B8B3-25B6B806A2B6}.Debug|x86.Build.0 = Debug|Any CPU
		{8520EDAA-3601-41FA-B8B3-25B6B806A2B6}.Release|Any CPU.ActiveCfg = Release|Any CPU
		{8520EDAA-3601-41FA-B8B3-25B6B806A2B6}.Release|Any CPU.Build.0 = Release|Any CPU
		{8520EDAA-3601-41FA-B8B3-25B6B806A2B6}.Release|x64.ActiveCfg = Release|Any CPU
		{8520EDAA-3601-41FA-B8B3-25B6B806A2B6}.Release|x64.Build.0 = Release|Any CPU
		{8520EDAA-3601-41FA-B8B3-25B6B806A2B6}.Release|x86.ActiveCfg = Release|Any CPU
		{8520EDAA-3601-41FA-B8B3-25B6B806A2B6}.Release|x86.Build.0 = Release|Any CPU
		{DD699B8B-D394-4E86-AC27-64710FCD5EFE}.Debug|Any CPU.ActiveCfg = Debug|Any CPU
		{DD699B8B-D394-4E86-AC27-64710FCD5EFE}.Debug|Any CPU.Build.0 = Debug|Any CPU
		{DD699B8B-D394-4E86-AC27-64710FCD5EFE}.Debug|x64.ActiveCfg = Debug|Any CPU
		{DD699B8B-D394-4E86-AC27-64710FCD5EFE}.Debug|x64.Build.0 = Debug|Any CPU
		{DD699B8B-D394-4E86-AC27-64710FCD5EFE}.Debug|x86.ActiveCfg = Debug|Any CPU
		{DD699B8B-D394-4E86-AC27-64710FCD5EFE}.Debug|x86.Build.0 = Debug|Any CPU
		{DD699B8B-D394-4E86-AC27-64710FCD5EFE}.Release|Any CPU.ActiveCfg = Release|Any CPU
		{DD699B8B-D394-4E86-AC27-64710FCD5EFE}.Release|Any CPU.Build.0 = Release|Any CPU
		{DD699B8B-D394-4E86-AC27-64710FCD5EFE}.Release|x64.ActiveCfg = Release|Any CPU
		{DD699B8B-D394-4E86-AC27-64710FCD5EFE}.Release|x64.Build.0 = Release|Any CPU
		{DD699B8B-D394-4E86-AC27-64710FCD5EFE}.Release|x86.ActiveCfg = Release|Any CPU
		{DD699B8B-D394-4E86-AC27-64710FCD5EFE}.Release|x86.Build.0 = Release|Any CPU
		{10AC448A-5A16-4EB5-A6C1-97DE3DCEB4FB}.Debug|Any CPU.ActiveCfg = Debug|Any CPU
		{10AC448A-5A16-4EB5-A6C1-97DE3DCEB4FB}.Debug|Any CPU.Build.0 = Debug|Any CPU
		{10AC448A-5A16-4EB5-A6C1-97DE3DCEB4FB}.Debug|x64.ActiveCfg = Debug|Any CPU
		{10AC448A-5A16-4EB5-A6C1-97DE3DCEB4FB}.Debug|x64.Build.0 = Debug|Any CPU
		{10AC448A-5A16-4EB5-A6C1-97DE3DCEB4FB}.Debug|x86.ActiveCfg = Debug|Any CPU
		{10AC448A-5A16-4EB5-A6C1-97DE3DCEB4FB}.Debug|x86.Build.0 = Debug|Any CPU
		{10AC448A-5A16-4EB5-A6C1-97DE3DCEB4FB}.Release|Any CPU.ActiveCfg = Release|Any CPU
		{10AC448A-5A16-4EB5-A6C1-97DE3DCEB4FB}.Release|Any CPU.Build.0 = Release|Any CPU
		{10AC448A-5A16-4EB5-A6C1-97DE3DCEB4FB}.Release|x64.ActiveCfg = Release|Any CPU
		{10AC448A-5A16-4EB5-A6C1-97DE3DCEB4FB}.Release|x64.Build.0 = Release|Any CPU
		{10AC448A-5A16-4EB5-A6C1-97DE3DCEB4FB}.Release|x86.ActiveCfg = Release|Any CPU
		{10AC448A-5A16-4EB5-A6C1-97DE3DCEB4FB}.Release|x86.Build.0 = Release|Any CPU
		{AEE2D62B-01FC-4272-9E39-F91D9B35096D}.Debug|Any CPU.ActiveCfg = Debug|Any CPU
		{AEE2D62B-01FC-4272-9E39-F91D9B35096D}.Debug|Any CPU.Build.0 = Debug|Any CPU
		{AEE2D62B-01FC-4272-9E39-F91D9B35096D}.Debug|x64.ActiveCfg = Debug|Any CPU
		{AEE2D62B-01FC-4272-9E39-F91D9B35096D}.Debug|x64.Build.0 = Debug|Any CPU
		{AEE2D62B-01FC-4272-9E39-F91D9B35096D}.Debug|x86.ActiveCfg = Debug|Any CPU
		{AEE2D62B-01FC-4272-9E39-F91D9B35096D}.Debug|x86.Build.0 = Debug|Any CPU
		{AEE2D62B-01FC-4272-9E39-F91D9B35096D}.Release|Any CPU.ActiveCfg = Release|Any CPU
		{AEE2D62B-01FC-4272-9E39-F91D9B35096D}.Release|Any CPU.Build.0 = Release|Any CPU
		{AEE2D62B-01FC-4272-9E39-F91D9B35096D}.Release|x64.ActiveCfg = Release|Any CPU
		{AEE2D62B-01FC-4272-9E39-F91D9B35096D}.Release|x64.Build.0 = Release|Any CPU
		{AEE2D62B-01FC-4272-9E39-F91D9B35096D}.Release|x86.ActiveCfg = Release|Any CPU
		{AEE2D62B-01FC-4272-9E39-F91D9B35096D}.Release|x86.Build.0 = Release|Any CPU
		{DCA89AC5-A144-4A7B-9368-CE6CE39461E2}.Debug|Any CPU.ActiveCfg = Debug|Any CPU
		{DCA89AC5-A144-4A7B-9368-CE6CE39461E2}.Debug|Any CPU.Build.0 = Debug|Any CPU
		{DCA89AC5-A144-4A7B-9368-CE6CE39461E2}.Debug|x64.ActiveCfg = Debug|Any CPU
		{DCA89AC5-A144-4A7B-9368-CE6CE39461E2}.Debug|x64.Build.0 = Debug|Any CPU
		{DCA89AC5-A144-4A7B-9368-CE6CE39461E2}.Debug|x86.ActiveCfg = Debug|Any CPU
		{DCA89AC5-A144-4A7B-9368-CE6CE39461E2}.Debug|x86.Build.0 = Debug|Any CPU
		{DCA89AC5-A144-4A7B-9368-CE6CE39461E2}.Release|Any CPU.ActiveCfg = Release|Any CPU
		{DCA89AC5-A144-4A7B-9368-CE6CE39461E2}.Release|Any CPU.Build.0 = Release|Any CPU
		{DCA89AC5-A144-4A7B-9368-CE6CE39461E2}.Release|x64.ActiveCfg = Release|Any CPU
		{DCA89AC5-A144-4A7B-9368-CE6CE39461E2}.Release|x64.Build.0 = Release|Any CPU
		{DCA89AC5-A144-4A7B-9368-CE6CE39461E2}.Release|x86.ActiveCfg = Release|Any CPU
		{DCA89AC5-A144-4A7B-9368-CE6CE39461E2}.Release|x86.Build.0 = Release|Any CPU
		{D525A2A7-9921-4C22-BB0C-801B4DD08518}.Debug|Any CPU.ActiveCfg = Debug|Any CPU
		{D525A2A7-9921-4C22-BB0C-801B4DD08518}.Debug|Any CPU.Build.0 = Debug|Any CPU
		{D525A2A7-9921-4C22-BB0C-801B4DD08518}.Debug|x64.ActiveCfg = Debug|Any CPU
		{D525A2A7-9921-4C22-BB0C-801B4DD08518}.Debug|x64.Build.0 = Debug|Any CPU
		{D525A2A7-9921-4C22-BB0C-801B4DD08518}.Debug|x86.ActiveCfg = Debug|Any CPU
		{D525A2A7-9921-4C22-BB0C-801B4DD08518}.Debug|x86.Build.0 = Debug|Any CPU
		{D525A2A7-9921-4C22-BB0C-801B4DD08518}.Release|Any CPU.ActiveCfg = Release|Any CPU
		{D525A2A7-9921-4C22-BB0C-801B4DD08518}.Release|Any CPU.Build.0 = Release|Any CPU
		{D525A2A7-9921-4C22-BB0C-801B4DD08518}.Release|x64.ActiveCfg = Release|Any CPU
		{D525A2A7-9921-4C22-BB0C-801B4DD08518}.Release|x64.Build.0 = Release|Any CPU
		{D525A2A7-9921-4C22-BB0C-801B4DD08518}.Release|x86.ActiveCfg = Release|Any CPU
		{D525A2A7-9921-4C22-BB0C-801B4DD08518}.Release|x86.Build.0 = Release|Any CPU
		{5DF00B7A-613E-41F1-A823-AF56E8614E5A}.Debug|Any CPU.ActiveCfg = Debug|Any CPU
		{5DF00B7A-613E-41F1-A823-AF56E8614E5A}.Debug|Any CPU.Build.0 = Debug|Any CPU
		{5DF00B7A-613E-41F1-A823-AF56E8614E5A}.Debug|x64.ActiveCfg = Debug|Any CPU
		{5DF00B7A-613E-41F1-A823-AF56E8614E5A}.Debug|x64.Build.0 = Debug|Any CPU
		{5DF00B7A-613E-41F1-A823-AF56E8614E5A}.Debug|x86.ActiveCfg = Debug|Any CPU
		{5DF00B7A-613E-41F1-A823-AF56E8614E5A}.Debug|x86.Build.0 = Debug|Any CPU
		{5DF00B7A-613E-41F1-A823-AF56E8614E5A}.Release|Any CPU.ActiveCfg = Release|Any CPU
		{5DF00B7A-613E-41F1-A823-AF56E8614E5A}.Release|Any CPU.Build.0 = Release|Any CPU
		{5DF00B7A-613E-41F1-A823-AF56E8614E5A}.Release|x64.ActiveCfg = Release|Any CPU
		{5DF00B7A-613E-41F1-A823-AF56E8614E5A}.Release|x64.Build.0 = Release|Any CPU
		{5DF00B7A-613E-41F1-A823-AF56E8614E5A}.Release|x86.ActiveCfg = Release|Any CPU
		{5DF00B7A-613E-41F1-A823-AF56E8614E5A}.Release|x86.Build.0 = Release|Any CPU
		{7D19455A-8635-4627-9488-68AE0FD0FA84}.Debug|Any CPU.ActiveCfg = Debug|Any CPU
		{7D19455A-8635-4627-9488-68AE0FD0FA84}.Debug|Any CPU.Build.0 = Debug|Any CPU
		{7D19455A-8635-4627-9488-68AE0FD0FA84}.Debug|x64.ActiveCfg = Debug|Any CPU
		{7D19455A-8635-4627-9488-68AE0FD0FA84}.Debug|x64.Build.0 = Debug|Any CPU
		{7D19455A-8635-4627-9488-68AE0FD0FA84}.Debug|x86.ActiveCfg = Debug|Any CPU
		{7D19455A-8635-4627-9488-68AE0FD0FA84}.Debug|x86.Build.0 = Debug|Any CPU
		{7D19455A-8635-4627-9488-68AE0FD0FA84}.Release|Any CPU.ActiveCfg = Release|Any CPU
		{7D19455A-8635-4627-9488-68AE0FD0FA84}.Release|Any CPU.Build.0 = Release|Any CPU
		{7D19455A-8635-4627-9488-68AE0FD0FA84}.Release|x64.ActiveCfg = Release|Any CPU
		{7D19455A-8635-4627-9488-68AE0FD0FA84}.Release|x64.Build.0 = Release|Any CPU
		{7D19455A-8635-4627-9488-68AE0FD0FA84}.Release|x86.ActiveCfg = Release|Any CPU
		{7D19455A-8635-4627-9488-68AE0FD0FA84}.Release|x86.Build.0 = Release|Any CPU
		{15A5BE39-3064-43E7-BE46-850ABC7B6E1E}.Debug|Any CPU.ActiveCfg = Debug|Any CPU
		{15A5BE39-3064-43E7-BE46-850ABC7B6E1E}.Debug|Any CPU.Build.0 = Debug|Any CPU
		{15A5BE39-3064-43E7-BE46-850ABC7B6E1E}.Debug|x64.ActiveCfg = Debug|Any CPU
		{15A5BE39-3064-43E7-BE46-850ABC7B6E1E}.Debug|x64.Build.0 = Debug|Any CPU
		{15A5BE39-3064-43E7-BE46-850ABC7B6E1E}.Debug|x86.ActiveCfg = Debug|Any CPU
		{15A5BE39-3064-43E7-BE46-850ABC7B6E1E}.Debug|x86.Build.0 = Debug|Any CPU
		{15A5BE39-3064-43E7-BE46-850ABC7B6E1E}.Release|Any CPU.ActiveCfg = Release|Any CPU
		{15A5BE39-3064-43E7-BE46-850ABC7B6E1E}.Release|Any CPU.Build.0 = Release|Any CPU
		{15A5BE39-3064-43E7-BE46-850ABC7B6E1E}.Release|x64.ActiveCfg = Release|Any CPU
		{15A5BE39-3064-43E7-BE46-850ABC7B6E1E}.Release|x64.Build.0 = Release|Any CPU
		{15A5BE39-3064-43E7-BE46-850ABC7B6E1E}.Release|x86.ActiveCfg = Release|Any CPU
		{15A5BE39-3064-43E7-BE46-850ABC7B6E1E}.Release|x86.Build.0 = Release|Any CPU
		{13E2CFCC-9D76-4E8E-972F-CF6C9488662A}.Debug|Any CPU.ActiveCfg = Debug|Any CPU
		{13E2CFCC-9D76-4E8E-972F-CF6C9488662A}.Debug|Any CPU.Build.0 = Debug|Any CPU
		{13E2CFCC-9D76-4E8E-972F-CF6C9488662A}.Debug|x64.ActiveCfg = Debug|Any CPU
		{13E2CFCC-9D76-4E8E-972F-CF6C9488662A}.Debug|x64.Build.0 = Debug|Any CPU
		{13E2CFCC-9D76-4E8E-972F-CF6C9488662A}.Debug|x86.ActiveCfg = Debug|Any CPU
		{13E2CFCC-9D76-4E8E-972F-CF6C9488662A}.Debug|x86.Build.0 = Debug|Any CPU
		{13E2CFCC-9D76-4E8E-972F-CF6C9488662A}.Release|Any CPU.ActiveCfg = Release|Any CPU
		{13E2CFCC-9D76-4E8E-972F-CF6C9488662A}.Release|Any CPU.Build.0 = Release|Any CPU
		{13E2CFCC-9D76-4E8E-972F-CF6C9488662A}.Release|x64.ActiveCfg = Release|Any CPU
		{13E2CFCC-9D76-4E8E-972F-CF6C9488662A}.Release|x64.Build.0 = Release|Any CPU
		{13E2CFCC-9D76-4E8E-972F-CF6C9488662A}.Release|x86.ActiveCfg = Release|Any CPU
		{13E2CFCC-9D76-4E8E-972F-CF6C9488662A}.Release|x86.Build.0 = Release|Any CPU
		{9BA4DD2F-D90A-43AF-A6C7-9F25B506CBEB}.Debug|Any CPU.ActiveCfg = Debug|Any CPU
		{9BA4DD2F-D90A-43AF-A6C7-9F25B506CBEB}.Debug|Any CPU.Build.0 = Debug|Any CPU
		{9BA4DD2F-D90A-43AF-A6C7-9F25B506CBEB}.Debug|x64.ActiveCfg = Debug|Any CPU
		{9BA4DD2F-D90A-43AF-A6C7-9F25B506CBEB}.Debug|x64.Build.0 = Debug|Any CPU
		{9BA4DD2F-D90A-43AF-A6C7-9F25B506CBEB}.Debug|x86.ActiveCfg = Debug|Any CPU
		{9BA4DD2F-D90A-43AF-A6C7-9F25B506CBEB}.Debug|x86.Build.0 = Debug|Any CPU
		{9BA4DD2F-D90A-43AF-A6C7-9F25B506CBEB}.Release|Any CPU.ActiveCfg = Release|Any CPU
		{9BA4DD2F-D90A-43AF-A6C7-9F25B506CBEB}.Release|Any CPU.Build.0 = Release|Any CPU
		{9BA4DD2F-D90A-43AF-A6C7-9F25B506CBEB}.Release|x64.ActiveCfg = Release|Any CPU
		{9BA4DD2F-D90A-43AF-A6C7-9F25B506CBEB}.Release|x64.Build.0 = Release|Any CPU
		{9BA4DD2F-D90A-43AF-A6C7-9F25B506CBEB}.Release|x86.ActiveCfg = Release|Any CPU
		{9BA4DD2F-D90A-43AF-A6C7-9F25B506CBEB}.Release|x86.Build.0 = Release|Any CPU
		{7F91EF1C-FFA8-C692-0535-C6DDF060AB82}.Debug|Any CPU.ActiveCfg = Debug|Any CPU
		{7F91EF1C-FFA8-C692-0535-C6DDF060AB82}.Debug|Any CPU.Build.0 = Debug|Any CPU
		{7F91EF1C-FFA8-C692-0535-C6DDF060AB82}.Debug|x64.ActiveCfg = Debug|Any CPU
		{7F91EF1C-FFA8-C692-0535-C6DDF060AB82}.Debug|x64.Build.0 = Debug|Any CPU
		{7F91EF1C-FFA8-C692-0535-C6DDF060AB82}.Debug|x86.ActiveCfg = Debug|Any CPU
		{7F91EF1C-FFA8-C692-0535-C6DDF060AB82}.Debug|x86.Build.0 = Debug|Any CPU
		{7F91EF1C-FFA8-C692-0535-C6DDF060AB82}.Release|Any CPU.ActiveCfg = Release|Any CPU
		{7F91EF1C-FFA8-C692-0535-C6DDF060AB82}.Release|Any CPU.Build.0 = Release|Any CPU
		{7F91EF1C-FFA8-C692-0535-C6DDF060AB82}.Release|x64.ActiveCfg = Release|Any CPU
		{7F91EF1C-FFA8-C692-0535-C6DDF060AB82}.Release|x64.Build.0 = Release|Any CPU
		{7F91EF1C-FFA8-C692-0535-C6DDF060AB82}.Release|x86.ActiveCfg = Release|Any CPU
		{7F91EF1C-FFA8-C692-0535-C6DDF060AB82}.Release|x86.Build.0 = Release|Any CPU
		{A8C3FBF8-AC38-2A41-BF66-D6C8EC073177}.Debug|Any CPU.ActiveCfg = Debug|Any CPU
		{A8C3FBF8-AC38-2A41-BF66-D6C8EC073177}.Debug|Any CPU.Build.0 = Debug|Any CPU
		{A8C3FBF8-AC38-2A41-BF66-D6C8EC073177}.Debug|x64.ActiveCfg = Debug|Any CPU
		{A8C3FBF8-AC38-2A41-BF66-D6C8EC073177}.Debug|x64.Build.0 = Debug|Any CPU
		{A8C3FBF8-AC38-2A41-BF66-D6C8EC073177}.Debug|x86.ActiveCfg = Debug|Any CPU
		{A8C3FBF8-AC38-2A41-BF66-D6C8EC073177}.Debug|x86.Build.0 = Debug|Any CPU
		{A8C3FBF8-AC38-2A41-BF66-D6C8EC073177}.Release|Any CPU.ActiveCfg = Release|Any CPU
		{A8C3FBF8-AC38-2A41-BF66-D6C8EC073177}.Release|Any CPU.Build.0 = Release|Any CPU
		{A8C3FBF8-AC38-2A41-BF66-D6C8EC073177}.Release|x64.ActiveCfg = Release|Any CPU
		{A8C3FBF8-AC38-2A41-BF66-D6C8EC073177}.Release|x64.Build.0 = Release|Any CPU
		{A8C3FBF8-AC38-2A41-BF66-D6C8EC073177}.Release|x86.ActiveCfg = Release|Any CPU
		{A8C3FBF8-AC38-2A41-BF66-D6C8EC073177}.Release|x86.Build.0 = Release|Any CPU
		{ADFFE66A-023C-45AB-BB10-982784715336}.Debug|Any CPU.ActiveCfg = Debug|Any CPU
		{ADFFE66A-023C-45AB-BB10-982784715336}.Debug|Any CPU.Build.0 = Debug|Any CPU
		{ADFFE66A-023C-45AB-BB10-982784715336}.Debug|x64.ActiveCfg = Debug|Any CPU
		{ADFFE66A-023C-45AB-BB10-982784715336}.Debug|x64.Build.0 = Debug|Any CPU
		{ADFFE66A-023C-45AB-BB10-982784715336}.Debug|x86.ActiveCfg = Debug|Any CPU
		{ADFFE66A-023C-45AB-BB10-982784715336}.Debug|x86.Build.0 = Debug|Any CPU
		{ADFFE66A-023C-45AB-BB10-982784715336}.Release|Any CPU.ActiveCfg = Release|Any CPU
		{ADFFE66A-023C-45AB-BB10-982784715336}.Release|Any CPU.Build.0 = Release|Any CPU
		{ADFFE66A-023C-45AB-BB10-982784715336}.Release|x64.ActiveCfg = Release|Any CPU
		{ADFFE66A-023C-45AB-BB10-982784715336}.Release|x64.Build.0 = Release|Any CPU
		{ADFFE66A-023C-45AB-BB10-982784715336}.Release|x86.ActiveCfg = Release|Any CPU
		{ADFFE66A-023C-45AB-BB10-982784715336}.Release|x86.Build.0 = Release|Any CPU
		{B26142B8-F26A-4489-B380-E4AE4BD78AFB}.Debug|Any CPU.ActiveCfg = Debug|Any CPU
		{B26142B8-F26A-4489-B380-E4AE4BD78AFB}.Debug|Any CPU.Build.0 = Debug|Any CPU
		{B26142B8-F26A-4489-B380-E4AE4BD78AFB}.Debug|x64.ActiveCfg = Debug|Any CPU
		{B26142B8-F26A-4489-B380-E4AE4BD78AFB}.Debug|x64.Build.0 = Debug|Any CPU
		{B26142B8-F26A-4489-B380-E4AE4BD78AFB}.Debug|x86.ActiveCfg = Debug|Any CPU
		{B26142B8-F26A-4489-B380-E4AE4BD78AFB}.Debug|x86.Build.0 = Debug|Any CPU
		{B26142B8-F26A-4489-B380-E4AE4BD78AFB}.Release|Any CPU.ActiveCfg = Release|Any CPU
		{B26142B8-F26A-4489-B380-E4AE4BD78AFB}.Release|Any CPU.Build.0 = Release|Any CPU
		{B26142B8-F26A-4489-B380-E4AE4BD78AFB}.Release|x64.ActiveCfg = Release|Any CPU
		{B26142B8-F26A-4489-B380-E4AE4BD78AFB}.Release|x64.Build.0 = Release|Any CPU
		{B26142B8-F26A-4489-B380-E4AE4BD78AFB}.Release|x86.ActiveCfg = Release|Any CPU
		{B26142B8-F26A-4489-B380-E4AE4BD78AFB}.Release|x86.Build.0 = Release|Any CPU
		{DEE24B7B-036F-79DB-FF60-A5449C3D3B1E}.Debug|Any CPU.ActiveCfg = Debug|Any CPU
		{DEE24B7B-036F-79DB-FF60-A5449C3D3B1E}.Debug|Any CPU.Build.0 = Debug|Any CPU
		{DEE24B7B-036F-79DB-FF60-A5449C3D3B1E}.Debug|x64.ActiveCfg = Debug|Any CPU
		{DEE24B7B-036F-79DB-FF60-A5449C3D3B1E}.Debug|x64.Build.0 = Debug|Any CPU
		{DEE24B7B-036F-79DB-FF60-A5449C3D3B1E}.Debug|x86.ActiveCfg = Debug|Any CPU
		{DEE24B7B-036F-79DB-FF60-A5449C3D3B1E}.Debug|x86.Build.0 = Debug|Any CPU
		{DEE24B7B-036F-79DB-FF60-A5449C3D3B1E}.Release|Any CPU.ActiveCfg = Release|Any CPU
		{DEE24B7B-036F-79DB-FF60-A5449C3D3B1E}.Release|Any CPU.Build.0 = Release|Any CPU
		{DEE24B7B-036F-79DB-FF60-A5449C3D3B1E}.Release|x64.ActiveCfg = Release|Any CPU
		{DEE24B7B-036F-79DB-FF60-A5449C3D3B1E}.Release|x64.Build.0 = Release|Any CPU
		{DEE24B7B-036F-79DB-FF60-A5449C3D3B1E}.Release|x86.ActiveCfg = Release|Any CPU
		{DEE24B7B-036F-79DB-FF60-A5449C3D3B1E}.Release|x86.Build.0 = Release|Any CPU
		{B824B78A-5F54-B26B-C938-E7A5399DB87F}.Debug|Any CPU.ActiveCfg = Debug|Any CPU
		{B824B78A-5F54-B26B-C938-E7A5399DB87F}.Debug|Any CPU.Build.0 = Debug|Any CPU
		{B824B78A-5F54-B26B-C938-E7A5399DB87F}.Debug|x64.ActiveCfg = Debug|Any CPU
		{B824B78A-5F54-B26B-C938-E7A5399DB87F}.Debug|x64.Build.0 = Debug|Any CPU
		{B824B78A-5F54-B26B-C938-E7A5399DB87F}.Debug|x86.ActiveCfg = Debug|Any CPU
		{B824B78A-5F54-B26B-C938-E7A5399DB87F}.Debug|x86.Build.0 = Debug|Any CPU
		{B824B78A-5F54-B26B-C938-E7A5399DB87F}.Release|Any CPU.ActiveCfg = Release|Any CPU
		{B824B78A-5F54-B26B-C938-E7A5399DB87F}.Release|Any CPU.Build.0 = Release|Any CPU
		{B824B78A-5F54-B26B-C938-E7A5399DB87F}.Release|x64.ActiveCfg = Release|Any CPU
		{B824B78A-5F54-B26B-C938-E7A5399DB87F}.Release|x64.Build.0 = Release|Any CPU
		{B824B78A-5F54-B26B-C938-E7A5399DB87F}.Release|x86.ActiveCfg = Release|Any CPU
		{B824B78A-5F54-B26B-C938-E7A5399DB87F}.Release|x86.Build.0 = Release|Any CPU
		{1B1BA48A-EF20-4510-B578-6D868DC01A8E}.Debug|Any CPU.ActiveCfg = Debug|Any CPU
		{1B1BA48A-EF20-4510-B578-6D868DC01A8E}.Debug|Any CPU.Build.0 = Debug|Any CPU
		{1B1BA48A-EF20-4510-B578-6D868DC01A8E}.Debug|x64.ActiveCfg = Debug|Any CPU
		{1B1BA48A-EF20-4510-B578-6D868DC01A8E}.Debug|x64.Build.0 = Debug|Any CPU
		{1B1BA48A-EF20-4510-B578-6D868DC01A8E}.Debug|x86.ActiveCfg = Debug|Any CPU
		{1B1BA48A-EF20-4510-B578-6D868DC01A8E}.Debug|x86.Build.0 = Debug|Any CPU
		{1B1BA48A-EF20-4510-B578-6D868DC01A8E}.Release|Any CPU.ActiveCfg = Release|Any CPU
		{1B1BA48A-EF20-4510-B578-6D868DC01A8E}.Release|Any CPU.Build.0 = Release|Any CPU
		{1B1BA48A-EF20-4510-B578-6D868DC01A8E}.Release|x64.ActiveCfg = Release|Any CPU
		{1B1BA48A-EF20-4510-B578-6D868DC01A8E}.Release|x64.Build.0 = Release|Any CPU
		{1B1BA48A-EF20-4510-B578-6D868DC01A8E}.Release|x86.ActiveCfg = Release|Any CPU
		{1B1BA48A-EF20-4510-B578-6D868DC01A8E}.Release|x86.Build.0 = Release|Any CPU
		{AA1E6A09-25D6-46E7-A21B-27D32ADDE8AE}.Debug|Any CPU.ActiveCfg = Debug|Any CPU
		{AA1E6A09-25D6-46E7-A21B-27D32ADDE8AE}.Debug|Any CPU.Build.0 = Debug|Any CPU
		{AA1E6A09-25D6-46E7-A21B-27D32ADDE8AE}.Debug|x64.ActiveCfg = Debug|Any CPU
		{AA1E6A09-25D6-46E7-A21B-27D32ADDE8AE}.Debug|x64.Build.0 = Debug|Any CPU
		{AA1E6A09-25D6-46E7-A21B-27D32ADDE8AE}.Debug|x86.ActiveCfg = Debug|Any CPU
		{AA1E6A09-25D6-46E7-A21B-27D32ADDE8AE}.Debug|x86.Build.0 = Debug|Any CPU
		{AA1E6A09-25D6-46E7-A21B-27D32ADDE8AE}.Release|Any CPU.ActiveCfg = Release|Any CPU
		{AA1E6A09-25D6-46E7-A21B-27D32ADDE8AE}.Release|Any CPU.Build.0 = Release|Any CPU
		{AA1E6A09-25D6-46E7-A21B-27D32ADDE8AE}.Release|x64.ActiveCfg = Release|Any CPU
		{AA1E6A09-25D6-46E7-A21B-27D32ADDE8AE}.Release|x64.Build.0 = Release|Any CPU
		{AA1E6A09-25D6-46E7-A21B-27D32ADDE8AE}.Release|x86.ActiveCfg = Release|Any CPU
		{AA1E6A09-25D6-46E7-A21B-27D32ADDE8AE}.Release|x86.Build.0 = Release|Any CPU
		{EC418443-0F7C-4398-8AC2-206BCEB328AF}.Debug|Any CPU.ActiveCfg = Debug|Any CPU
		{EC418443-0F7C-4398-8AC2-206BCEB328AF}.Debug|Any CPU.Build.0 = Debug|Any CPU
		{EC418443-0F7C-4398-8AC2-206BCEB328AF}.Debug|x64.ActiveCfg = Debug|Any CPU
		{EC418443-0F7C-4398-8AC2-206BCEB328AF}.Debug|x64.Build.0 = Debug|Any CPU
		{EC418443-0F7C-4398-8AC2-206BCEB328AF}.Debug|x86.ActiveCfg = Debug|Any CPU
		{EC418443-0F7C-4398-8AC2-206BCEB328AF}.Debug|x86.Build.0 = Debug|Any CPU
		{EC418443-0F7C-4398-8AC2-206BCEB328AF}.Release|Any CPU.ActiveCfg = Release|Any CPU
		{EC418443-0F7C-4398-8AC2-206BCEB328AF}.Release|Any CPU.Build.0 = Release|Any CPU
		{EC418443-0F7C-4398-8AC2-206BCEB328AF}.Release|x64.ActiveCfg = Release|Any CPU
		{EC418443-0F7C-4398-8AC2-206BCEB328AF}.Release|x64.Build.0 = Release|Any CPU
		{EC418443-0F7C-4398-8AC2-206BCEB328AF}.Release|x86.ActiveCfg = Release|Any CPU
		{EC418443-0F7C-4398-8AC2-206BCEB328AF}.Release|x86.Build.0 = Release|Any CPU
		{3008B7B3-EA31-45FD-868D-66F2C19115D4}.Debug|Any CPU.ActiveCfg = Debug|Any CPU
		{3008B7B3-EA31-45FD-868D-66F2C19115D4}.Debug|Any CPU.Build.0 = Debug|Any CPU
		{3008B7B3-EA31-45FD-868D-66F2C19115D4}.Debug|x64.ActiveCfg = Debug|Any CPU
		{3008B7B3-EA31-45FD-868D-66F2C19115D4}.Debug|x64.Build.0 = Debug|Any CPU
		{3008B7B3-EA31-45FD-868D-66F2C19115D4}.Debug|x86.ActiveCfg = Debug|Any CPU
		{3008B7B3-EA31-45FD-868D-66F2C19115D4}.Debug|x86.Build.0 = Debug|Any CPU
		{3008B7B3-EA31-45FD-868D-66F2C19115D4}.Release|Any CPU.ActiveCfg = Release|Any CPU
		{3008B7B3-EA31-45FD-868D-66F2C19115D4}.Release|Any CPU.Build.0 = Release|Any CPU
		{3008B7B3-EA31-45FD-868D-66F2C19115D4}.Release|x64.ActiveCfg = Release|Any CPU
		{3008B7B3-EA31-45FD-868D-66F2C19115D4}.Release|x64.Build.0 = Release|Any CPU
		{3008B7B3-EA31-45FD-868D-66F2C19115D4}.Release|x86.ActiveCfg = Release|Any CPU
		{3008B7B3-EA31-45FD-868D-66F2C19115D4}.Release|x86.Build.0 = Release|Any CPU
		{5545E346-D0B6-4389-B40E-C8D83403698E}.Debug|Any CPU.ActiveCfg = Debug|Any CPU
		{5545E346-D0B6-4389-B40E-C8D83403698E}.Debug|Any CPU.Build.0 = Debug|Any CPU
		{5545E346-D0B6-4389-B40E-C8D83403698E}.Debug|x64.ActiveCfg = Debug|Any CPU
		{5545E346-D0B6-4389-B40E-C8D83403698E}.Debug|x64.Build.0 = Debug|Any CPU
		{5545E346-D0B6-4389-B40E-C8D83403698E}.Debug|x86.ActiveCfg = Debug|Any CPU
		{5545E346-D0B6-4389-B40E-C8D83403698E}.Debug|x86.Build.0 = Debug|Any CPU
		{5545E346-D0B6-4389-B40E-C8D83403698E}.Release|Any CPU.ActiveCfg = Release|Any CPU
		{5545E346-D0B6-4389-B40E-C8D83403698E}.Release|Any CPU.Build.0 = Release|Any CPU
		{5545E346-D0B6-4389-B40E-C8D83403698E}.Release|x64.ActiveCfg = Release|Any CPU
		{5545E346-D0B6-4389-B40E-C8D83403698E}.Release|x64.Build.0 = Release|Any CPU
		{5545E346-D0B6-4389-B40E-C8D83403698E}.Release|x86.ActiveCfg = Release|Any CPU
		{5545E346-D0B6-4389-B40E-C8D83403698E}.Release|x86.Build.0 = Release|Any CPU
		{5F58C54B-21E9-4C4F-A79E-3310A06B143D}.Debug|Any CPU.ActiveCfg = Debug|Any CPU
		{5F58C54B-21E9-4C4F-A79E-3310A06B143D}.Debug|Any CPU.Build.0 = Debug|Any CPU
		{5F58C54B-21E9-4C4F-A79E-3310A06B143D}.Debug|x64.ActiveCfg = Debug|Any CPU
		{5F58C54B-21E9-4C4F-A79E-3310A06B143D}.Debug|x64.Build.0 = Debug|Any CPU
		{5F58C54B-21E9-4C4F-A79E-3310A06B143D}.Debug|x86.ActiveCfg = Debug|Any CPU
		{5F58C54B-21E9-4C4F-A79E-3310A06B143D}.Debug|x86.Build.0 = Debug|Any CPU
		{5F58C54B-21E9-4C4F-A79E-3310A06B143D}.Release|Any CPU.ActiveCfg = Release|Any CPU
		{5F58C54B-21E9-4C4F-A79E-3310A06B143D}.Release|Any CPU.Build.0 = Release|Any CPU
		{5F58C54B-21E9-4C4F-A79E-3310A06B143D}.Release|x64.ActiveCfg = Release|Any CPU
		{5F58C54B-21E9-4C4F-A79E-3310A06B143D}.Release|x64.Build.0 = Release|Any CPU
		{5F58C54B-21E9-4C4F-A79E-3310A06B143D}.Release|x86.ActiveCfg = Release|Any CPU
		{5F58C54B-21E9-4C4F-A79E-3310A06B143D}.Release|x86.Build.0 = Release|Any CPU
		{B292746A-3A68-4E83-98CF-294BBACD74A2}.Debug|Any CPU.ActiveCfg = Debug|Any CPU
		{B292746A-3A68-4E83-98CF-294BBACD74A2}.Debug|Any CPU.Build.0 = Debug|Any CPU
		{B292746A-3A68-4E83-98CF-294BBACD74A2}.Debug|x64.ActiveCfg = Debug|Any CPU
		{B292746A-3A68-4E83-98CF-294BBACD74A2}.Debug|x64.Build.0 = Debug|Any CPU
		{B292746A-3A68-4E83-98CF-294BBACD74A2}.Debug|x86.ActiveCfg = Debug|Any CPU
		{B292746A-3A68-4E83-98CF-294BBACD74A2}.Debug|x86.Build.0 = Debug|Any CPU
		{B292746A-3A68-4E83-98CF-294BBACD74A2}.Release|Any CPU.ActiveCfg = Release|Any CPU
		{B292746A-3A68-4E83-98CF-294BBACD74A2}.Release|Any CPU.Build.0 = Release|Any CPU
		{B292746A-3A68-4E83-98CF-294BBACD74A2}.Release|x64.ActiveCfg = Release|Any CPU
		{B292746A-3A68-4E83-98CF-294BBACD74A2}.Release|x64.Build.0 = Release|Any CPU
		{B292746A-3A68-4E83-98CF-294BBACD74A2}.Release|x86.ActiveCfg = Release|Any CPU
		{B292746A-3A68-4E83-98CF-294BBACD74A2}.Release|x86.Build.0 = Release|Any CPU
		{09CD3FA7-1C03-451A-B806-C60462D3B4DE}.Debug|Any CPU.ActiveCfg = Debug|Any CPU
		{09CD3FA7-1C03-451A-B806-C60462D3B4DE}.Debug|Any CPU.Build.0 = Debug|Any CPU
		{09CD3FA7-1C03-451A-B806-C60462D3B4DE}.Debug|x64.ActiveCfg = Debug|Any CPU
		{09CD3FA7-1C03-451A-B806-C60462D3B4DE}.Debug|x64.Build.0 = Debug|Any CPU
		{09CD3FA7-1C03-451A-B806-C60462D3B4DE}.Debug|x86.ActiveCfg = Debug|Any CPU
		{09CD3FA7-1C03-451A-B806-C60462D3B4DE}.Debug|x86.Build.0 = Debug|Any CPU
		{09CD3FA7-1C03-451A-B806-C60462D3B4DE}.Release|Any CPU.ActiveCfg = Release|Any CPU
		{09CD3FA7-1C03-451A-B806-C60462D3B4DE}.Release|Any CPU.Build.0 = Release|Any CPU
		{09CD3FA7-1C03-451A-B806-C60462D3B4DE}.Release|x64.ActiveCfg = Release|Any CPU
		{09CD3FA7-1C03-451A-B806-C60462D3B4DE}.Release|x64.Build.0 = Release|Any CPU
		{09CD3FA7-1C03-451A-B806-C60462D3B4DE}.Release|x86.ActiveCfg = Release|Any CPU
		{09CD3FA7-1C03-451A-B806-C60462D3B4DE}.Release|x86.Build.0 = Release|Any CPU
		{7DEF43D3-E650-4182-9173-CB426C2A7D0A}.Debug|Any CPU.ActiveCfg = Debug|Any CPU
		{7DEF43D3-E650-4182-9173-CB426C2A7D0A}.Debug|Any CPU.Build.0 = Debug|Any CPU
		{7DEF43D3-E650-4182-9173-CB426C2A7D0A}.Debug|x64.ActiveCfg = Debug|Any CPU
		{7DEF43D3-E650-4182-9173-CB426C2A7D0A}.Debug|x64.Build.0 = Debug|Any CPU
		{7DEF43D3-E650-4182-9173-CB426C2A7D0A}.Debug|x86.ActiveCfg = Debug|Any CPU
		{7DEF43D3-E650-4182-9173-CB426C2A7D0A}.Debug|x86.Build.0 = Debug|Any CPU
		{7DEF43D3-E650-4182-9173-CB426C2A7D0A}.Release|Any CPU.ActiveCfg = Release|Any CPU
		{7DEF43D3-E650-4182-9173-CB426C2A7D0A}.Release|Any CPU.Build.0 = Release|Any CPU
		{7DEF43D3-E650-4182-9173-CB426C2A7D0A}.Release|x64.ActiveCfg = Release|Any CPU
		{7DEF43D3-E650-4182-9173-CB426C2A7D0A}.Release|x64.Build.0 = Release|Any CPU
		{7DEF43D3-E650-4182-9173-CB426C2A7D0A}.Release|x86.ActiveCfg = Release|Any CPU
		{7DEF43D3-E650-4182-9173-CB426C2A7D0A}.Release|x86.Build.0 = Release|Any CPU
		{C0F35D21-C1A1-404A-9C49-7CD682B553A8}.Debug|Any CPU.ActiveCfg = Debug|Any CPU
		{C0F35D21-C1A1-404A-9C49-7CD682B553A8}.Debug|Any CPU.Build.0 = Debug|Any CPU
		{C0F35D21-C1A1-404A-9C49-7CD682B553A8}.Debug|x64.ActiveCfg = Debug|Any CPU
		{C0F35D21-C1A1-404A-9C49-7CD682B553A8}.Debug|x64.Build.0 = Debug|Any CPU
		{C0F35D21-C1A1-404A-9C49-7CD682B553A8}.Debug|x86.ActiveCfg = Debug|Any CPU
		{C0F35D21-C1A1-404A-9C49-7CD682B553A8}.Debug|x86.Build.0 = Debug|Any CPU
		{C0F35D21-C1A1-404A-9C49-7CD682B553A8}.Release|Any CPU.ActiveCfg = Release|Any CPU
		{C0F35D21-C1A1-404A-9C49-7CD682B553A8}.Release|Any CPU.Build.0 = Release|Any CPU
		{C0F35D21-C1A1-404A-9C49-7CD682B553A8}.Release|x64.ActiveCfg = Release|Any CPU
		{C0F35D21-C1A1-404A-9C49-7CD682B553A8}.Release|x64.Build.0 = Release|Any CPU
		{C0F35D21-C1A1-404A-9C49-7CD682B553A8}.Release|x86.ActiveCfg = Release|Any CPU
		{C0F35D21-C1A1-404A-9C49-7CD682B553A8}.Release|x86.Build.0 = Release|Any CPU
		{261191DF-2D76-4B79-B53C-3540E4224C85}.Debug|Any CPU.ActiveCfg = Debug|Any CPU
		{261191DF-2D76-4B79-B53C-3540E4224C85}.Debug|Any CPU.Build.0 = Debug|Any CPU
		{261191DF-2D76-4B79-B53C-3540E4224C85}.Debug|x64.ActiveCfg = Debug|Any CPU
		{261191DF-2D76-4B79-B53C-3540E4224C85}.Debug|x64.Build.0 = Debug|Any CPU
		{261191DF-2D76-4B79-B53C-3540E4224C85}.Debug|x86.ActiveCfg = Debug|Any CPU
		{261191DF-2D76-4B79-B53C-3540E4224C85}.Debug|x86.Build.0 = Debug|Any CPU
		{261191DF-2D76-4B79-B53C-3540E4224C85}.Release|Any CPU.ActiveCfg = Release|Any CPU
		{261191DF-2D76-4B79-B53C-3540E4224C85}.Release|Any CPU.Build.0 = Release|Any CPU
		{261191DF-2D76-4B79-B53C-3540E4224C85}.Release|x64.ActiveCfg = Release|Any CPU
		{261191DF-2D76-4B79-B53C-3540E4224C85}.Release|x64.Build.0 = Release|Any CPU
		{261191DF-2D76-4B79-B53C-3540E4224C85}.Release|x86.ActiveCfg = Release|Any CPU
		{261191DF-2D76-4B79-B53C-3540E4224C85}.Release|x86.Build.0 = Release|Any CPU
		{78AF81F4-6344-BEB3-62C7-3B0B6D40809A}.Debug|Any CPU.ActiveCfg = Debug|Any CPU
		{78AF81F4-6344-BEB3-62C7-3B0B6D40809A}.Debug|Any CPU.Build.0 = Debug|Any CPU
		{78AF81F4-6344-BEB3-62C7-3B0B6D40809A}.Debug|x64.ActiveCfg = Debug|Any CPU
		{78AF81F4-6344-BEB3-62C7-3B0B6D40809A}.Debug|x64.Build.0 = Debug|Any CPU
		{78AF81F4-6344-BEB3-62C7-3B0B6D40809A}.Debug|x86.ActiveCfg = Debug|Any CPU
		{78AF81F4-6344-BEB3-62C7-3B0B6D40809A}.Debug|x86.Build.0 = Debug|Any CPU
		{78AF81F4-6344-BEB3-62C7-3B0B6D40809A}.Release|Any CPU.ActiveCfg = Release|Any CPU
		{78AF81F4-6344-BEB3-62C7-3B0B6D40809A}.Release|Any CPU.Build.0 = Release|Any CPU
		{78AF81F4-6344-BEB3-62C7-3B0B6D40809A}.Release|x64.ActiveCfg = Release|Any CPU
		{78AF81F4-6344-BEB3-62C7-3B0B6D40809A}.Release|x64.Build.0 = Release|Any CPU
		{78AF81F4-6344-BEB3-62C7-3B0B6D40809A}.Release|x86.ActiveCfg = Release|Any CPU
		{78AF81F4-6344-BEB3-62C7-3B0B6D40809A}.Release|x86.Build.0 = Release|Any CPU
		{584B7E7D-B03A-4171-9E53-217DA41C2DDC}.Debug|Any CPU.ActiveCfg = Debug|Any CPU
		{584B7E7D-B03A-4171-9E53-217DA41C2DDC}.Debug|Any CPU.Build.0 = Debug|Any CPU
		{584B7E7D-B03A-4171-9E53-217DA41C2DDC}.Debug|x64.ActiveCfg = Debug|Any CPU
		{584B7E7D-B03A-4171-9E53-217DA41C2DDC}.Debug|x64.Build.0 = Debug|Any CPU
		{584B7E7D-B03A-4171-9E53-217DA41C2DDC}.Debug|x86.ActiveCfg = Debug|Any CPU
		{584B7E7D-B03A-4171-9E53-217DA41C2DDC}.Debug|x86.Build.0 = Debug|Any CPU
		{584B7E7D-B03A-4171-9E53-217DA41C2DDC}.Release|Any CPU.ActiveCfg = Release|Any CPU
		{584B7E7D-B03A-4171-9E53-217DA41C2DDC}.Release|Any CPU.Build.0 = Release|Any CPU
		{584B7E7D-B03A-4171-9E53-217DA41C2DDC}.Release|x64.ActiveCfg = Release|Any CPU
		{584B7E7D-B03A-4171-9E53-217DA41C2DDC}.Release|x64.Build.0 = Release|Any CPU
		{584B7E7D-B03A-4171-9E53-217DA41C2DDC}.Release|x86.ActiveCfg = Release|Any CPU
		{584B7E7D-B03A-4171-9E53-217DA41C2DDC}.Release|x86.Build.0 = Release|Any CPU
		{44125A6A-E07F-4CAA-AB79-1DEAAA5933C1}.Debug|Any CPU.ActiveCfg = Debug|Any CPU
		{44125A6A-E07F-4CAA-AB79-1DEAAA5933C1}.Debug|Any CPU.Build.0 = Debug|Any CPU
		{44125A6A-E07F-4CAA-AB79-1DEAAA5933C1}.Debug|x64.ActiveCfg = Debug|Any CPU
		{44125A6A-E07F-4CAA-AB79-1DEAAA5933C1}.Debug|x64.Build.0 = Debug|Any CPU
		{44125A6A-E07F-4CAA-AB79-1DEAAA5933C1}.Debug|x86.ActiveCfg = Debug|Any CPU
		{44125A6A-E07F-4CAA-AB79-1DEAAA5933C1}.Debug|x86.Build.0 = Debug|Any CPU
		{44125A6A-E07F-4CAA-AB79-1DEAAA5933C1}.Release|Any CPU.ActiveCfg = Release|Any CPU
		{44125A6A-E07F-4CAA-AB79-1DEAAA5933C1}.Release|Any CPU.Build.0 = Release|Any CPU
		{44125A6A-E07F-4CAA-AB79-1DEAAA5933C1}.Release|x64.ActiveCfg = Release|Any CPU
		{44125A6A-E07F-4CAA-AB79-1DEAAA5933C1}.Release|x64.Build.0 = Release|Any CPU
		{44125A6A-E07F-4CAA-AB79-1DEAAA5933C1}.Release|x86.ActiveCfg = Release|Any CPU
		{44125A6A-E07F-4CAA-AB79-1DEAAA5933C1}.Release|x86.Build.0 = Release|Any CPU
		{F5175C77-E1EB-4DE3-92EC-CA545B4DEDBC}.Debug|Any CPU.ActiveCfg = Debug|Any CPU
		{F5175C77-E1EB-4DE3-92EC-CA545B4DEDBC}.Debug|Any CPU.Build.0 = Debug|Any CPU
		{F5175C77-E1EB-4DE3-92EC-CA545B4DEDBC}.Debug|x64.ActiveCfg = Debug|Any CPU
		{F5175C77-E1EB-4DE3-92EC-CA545B4DEDBC}.Debug|x64.Build.0 = Debug|Any CPU
		{F5175C77-E1EB-4DE3-92EC-CA545B4DEDBC}.Debug|x86.ActiveCfg = Debug|Any CPU
		{F5175C77-E1EB-4DE3-92EC-CA545B4DEDBC}.Debug|x86.Build.0 = Debug|Any CPU
		{F5175C77-E1EB-4DE3-92EC-CA545B4DEDBC}.Release|Any CPU.ActiveCfg = Release|Any CPU
		{F5175C77-E1EB-4DE3-92EC-CA545B4DEDBC}.Release|Any CPU.Build.0 = Release|Any CPU
		{F5175C77-E1EB-4DE3-92EC-CA545B4DEDBC}.Release|x64.ActiveCfg = Release|Any CPU
		{F5175C77-E1EB-4DE3-92EC-CA545B4DEDBC}.Release|x64.Build.0 = Release|Any CPU
		{F5175C77-E1EB-4DE3-92EC-CA545B4DEDBC}.Release|x86.ActiveCfg = Release|Any CPU
		{F5175C77-E1EB-4DE3-92EC-CA545B4DEDBC}.Release|x86.Build.0 = Release|Any CPU
		{83FBEF98-B6B1-4491-970C-DDE1962F1157}.Debug|Any CPU.ActiveCfg = Debug|Any CPU
		{83FBEF98-B6B1-4491-970C-DDE1962F1157}.Debug|Any CPU.Build.0 = Debug|Any CPU
		{83FBEF98-B6B1-4491-970C-DDE1962F1157}.Debug|x64.ActiveCfg = Debug|Any CPU
		{83FBEF98-B6B1-4491-970C-DDE1962F1157}.Debug|x64.Build.0 = Debug|Any CPU
		{83FBEF98-B6B1-4491-970C-DDE1962F1157}.Debug|x86.ActiveCfg = Debug|Any CPU
		{83FBEF98-B6B1-4491-970C-DDE1962F1157}.Debug|x86.Build.0 = Debug|Any CPU
		{83FBEF98-B6B1-4491-970C-DDE1962F1157}.Release|Any CPU.ActiveCfg = Release|Any CPU
		{83FBEF98-B6B1-4491-970C-DDE1962F1157}.Release|Any CPU.Build.0 = Release|Any CPU
		{83FBEF98-B6B1-4491-970C-DDE1962F1157}.Release|x64.ActiveCfg = Release|Any CPU
		{83FBEF98-B6B1-4491-970C-DDE1962F1157}.Release|x64.Build.0 = Release|Any CPU
		{83FBEF98-B6B1-4491-970C-DDE1962F1157}.Release|x86.ActiveCfg = Release|Any CPU
		{83FBEF98-B6B1-4491-970C-DDE1962F1157}.Release|x86.Build.0 = Release|Any CPU
		{81DDED9D-158B-E303-5F62-77A2896D2A5A}.Debug|Any CPU.ActiveCfg = Debug|Any CPU
		{81DDED9D-158B-E303-5F62-77A2896D2A5A}.Debug|Any CPU.Build.0 = Debug|Any CPU
		{81DDED9D-158B-E303-5F62-77A2896D2A5A}.Debug|x64.ActiveCfg = Debug|Any CPU
		{81DDED9D-158B-E303-5F62-77A2896D2A5A}.Debug|x64.Build.0 = Debug|Any CPU
		{81DDED9D-158B-E303-5F62-77A2896D2A5A}.Debug|x86.ActiveCfg = Debug|Any CPU
		{81DDED9D-158B-E303-5F62-77A2896D2A5A}.Debug|x86.Build.0 = Debug|Any CPU
		{81DDED9D-158B-E303-5F62-77A2896D2A5A}.Release|Any CPU.ActiveCfg = Release|Any CPU
		{81DDED9D-158B-E303-5F62-77A2896D2A5A}.Release|Any CPU.Build.0 = Release|Any CPU
		{81DDED9D-158B-E303-5F62-77A2896D2A5A}.Release|x64.ActiveCfg = Release|Any CPU
		{81DDED9D-158B-E303-5F62-77A2896D2A5A}.Release|x64.Build.0 = Release|Any CPU
		{81DDED9D-158B-E303-5F62-77A2896D2A5A}.Release|x86.ActiveCfg = Release|Any CPU
		{81DDED9D-158B-E303-5F62-77A2896D2A5A}.Release|x86.Build.0 = Release|Any CPU
		{DB940E54-8B82-1BDC-926F-F1BA17B9BE9A}.Debug|Any CPU.ActiveCfg = Debug|Any CPU
		{DB940E54-8B82-1BDC-926F-F1BA17B9BE9A}.Debug|Any CPU.Build.0 = Debug|Any CPU
		{DB940E54-8B82-1BDC-926F-F1BA17B9BE9A}.Debug|x64.ActiveCfg = Debug|Any CPU
		{DB940E54-8B82-1BDC-926F-F1BA17B9BE9A}.Debug|x64.Build.0 = Debug|Any CPU
		{DB940E54-8B82-1BDC-926F-F1BA17B9BE9A}.Debug|x86.ActiveCfg = Debug|Any CPU
		{DB940E54-8B82-1BDC-926F-F1BA17B9BE9A}.Debug|x86.Build.0 = Debug|Any CPU
		{DB940E54-8B82-1BDC-926F-F1BA17B9BE9A}.Release|Any CPU.ActiveCfg = Release|Any CPU
		{DB940E54-8B82-1BDC-926F-F1BA17B9BE9A}.Release|Any CPU.Build.0 = Release|Any CPU
		{DB940E54-8B82-1BDC-926F-F1BA17B9BE9A}.Release|x64.ActiveCfg = Release|Any CPU
		{DB940E54-8B82-1BDC-926F-F1BA17B9BE9A}.Release|x64.Build.0 = Release|Any CPU
		{DB940E54-8B82-1BDC-926F-F1BA17B9BE9A}.Release|x86.ActiveCfg = Release|Any CPU
		{DB940E54-8B82-1BDC-926F-F1BA17B9BE9A}.Release|x86.Build.0 = Release|Any CPU
		{2BB85A0A-800A-30E9-AA14-B76C68D5A6CF}.Debug|Any CPU.ActiveCfg = Debug|Any CPU
		{2BB85A0A-800A-30E9-AA14-B76C68D5A6CF}.Debug|Any CPU.Build.0 = Debug|Any CPU
		{2BB85A0A-800A-30E9-AA14-B76C68D5A6CF}.Debug|x64.ActiveCfg = Debug|Any CPU
		{2BB85A0A-800A-30E9-AA14-B76C68D5A6CF}.Debug|x64.Build.0 = Debug|Any CPU
		{2BB85A0A-800A-30E9-AA14-B76C68D5A6CF}.Debug|x86.ActiveCfg = Debug|Any CPU
		{2BB85A0A-800A-30E9-AA14-B76C68D5A6CF}.Debug|x86.Build.0 = Debug|Any CPU
		{2BB85A0A-800A-30E9-AA14-B76C68D5A6CF}.Release|Any CPU.ActiveCfg = Release|Any CPU
		{2BB85A0A-800A-30E9-AA14-B76C68D5A6CF}.Release|Any CPU.Build.0 = Release|Any CPU
		{2BB85A0A-800A-30E9-AA14-B76C68D5A6CF}.Release|x64.ActiveCfg = Release|Any CPU
		{2BB85A0A-800A-30E9-AA14-B76C68D5A6CF}.Release|x64.Build.0 = Release|Any CPU
		{2BB85A0A-800A-30E9-AA14-B76C68D5A6CF}.Release|x86.ActiveCfg = Release|Any CPU
		{2BB85A0A-800A-30E9-AA14-B76C68D5A6CF}.Release|x86.Build.0 = Release|Any CPU
		{6873EE64-FB8D-3C5A-D28A-2F59FCC421A5}.Debug|Any CPU.ActiveCfg = Debug|Any CPU
		{6873EE64-FB8D-3C5A-D28A-2F59FCC421A5}.Debug|Any CPU.Build.0 = Debug|Any CPU
		{6873EE64-FB8D-3C5A-D28A-2F59FCC421A5}.Debug|x64.ActiveCfg = Debug|Any CPU
		{6873EE64-FB8D-3C5A-D28A-2F59FCC421A5}.Debug|x64.Build.0 = Debug|Any CPU
		{6873EE64-FB8D-3C5A-D28A-2F59FCC421A5}.Debug|x86.ActiveCfg = Debug|Any CPU
		{6873EE64-FB8D-3C5A-D28A-2F59FCC421A5}.Debug|x86.Build.0 = Debug|Any CPU
		{6873EE64-FB8D-3C5A-D28A-2F59FCC421A5}.Release|Any CPU.ActiveCfg = Release|Any CPU
		{6873EE64-FB8D-3C5A-D28A-2F59FCC421A5}.Release|Any CPU.Build.0 = Release|Any CPU
		{6873EE64-FB8D-3C5A-D28A-2F59FCC421A5}.Release|x64.ActiveCfg = Release|Any CPU
		{6873EE64-FB8D-3C5A-D28A-2F59FCC421A5}.Release|x64.Build.0 = Release|Any CPU
		{6873EE64-FB8D-3C5A-D28A-2F59FCC421A5}.Release|x86.ActiveCfg = Release|Any CPU
		{6873EE64-FB8D-3C5A-D28A-2F59FCC421A5}.Release|x86.Build.0 = Release|Any CPU
		{42A485B8-2B11-2727-6F76-716203AF65D7}.Debug|Any CPU.ActiveCfg = Debug|Any CPU
		{42A485B8-2B11-2727-6F76-716203AF65D7}.Debug|Any CPU.Build.0 = Debug|Any CPU
		{42A485B8-2B11-2727-6F76-716203AF65D7}.Debug|x64.ActiveCfg = Debug|Any CPU
		{42A485B8-2B11-2727-6F76-716203AF65D7}.Debug|x64.Build.0 = Debug|Any CPU
		{42A485B8-2B11-2727-6F76-716203AF65D7}.Debug|x86.ActiveCfg = Debug|Any CPU
		{42A485B8-2B11-2727-6F76-716203AF65D7}.Debug|x86.Build.0 = Debug|Any CPU
		{42A485B8-2B11-2727-6F76-716203AF65D7}.Release|Any CPU.ActiveCfg = Release|Any CPU
		{42A485B8-2B11-2727-6F76-716203AF65D7}.Release|Any CPU.Build.0 = Release|Any CPU
		{42A485B8-2B11-2727-6F76-716203AF65D7}.Release|x64.ActiveCfg = Release|Any CPU
		{42A485B8-2B11-2727-6F76-716203AF65D7}.Release|x64.Build.0 = Release|Any CPU
		{42A485B8-2B11-2727-6F76-716203AF65D7}.Release|x86.ActiveCfg = Release|Any CPU
		{42A485B8-2B11-2727-6F76-716203AF65D7}.Release|x86.Build.0 = Release|Any CPU
		{CD5BA6F9-54A0-008D-FD86-8F9505C102CB}.Debug|Any CPU.ActiveCfg = Debug|Any CPU
		{CD5BA6F9-54A0-008D-FD86-8F9505C102CB}.Debug|Any CPU.Build.0 = Debug|Any CPU
		{CD5BA6F9-54A0-008D-FD86-8F9505C102CB}.Debug|x64.ActiveCfg = Debug|Any CPU
		{CD5BA6F9-54A0-008D-FD86-8F9505C102CB}.Debug|x64.Build.0 = Debug|Any CPU
		{CD5BA6F9-54A0-008D-FD86-8F9505C102CB}.Debug|x86.ActiveCfg = Debug|Any CPU
		{CD5BA6F9-54A0-008D-FD86-8F9505C102CB}.Debug|x86.Build.0 = Debug|Any CPU
		{CD5BA6F9-54A0-008D-FD86-8F9505C102CB}.Release|Any CPU.ActiveCfg = Release|Any CPU
		{CD5BA6F9-54A0-008D-FD86-8F9505C102CB}.Release|Any CPU.Build.0 = Release|Any CPU
		{CD5BA6F9-54A0-008D-FD86-8F9505C102CB}.Release|x64.ActiveCfg = Release|Any CPU
		{CD5BA6F9-54A0-008D-FD86-8F9505C102CB}.Release|x64.Build.0 = Release|Any CPU
		{CD5BA6F9-54A0-008D-FD86-8F9505C102CB}.Release|x86.ActiveCfg = Release|Any CPU
		{CD5BA6F9-54A0-008D-FD86-8F9505C102CB}.Release|x86.Build.0 = Release|Any CPU
		{85FFD13A-8E65-768F-3A08-0D8EB5908630}.Debug|Any CPU.ActiveCfg = Debug|Any CPU
		{85FFD13A-8E65-768F-3A08-0D8EB5908630}.Debug|Any CPU.Build.0 = Debug|Any CPU
		{85FFD13A-8E65-768F-3A08-0D8EB5908630}.Debug|x64.ActiveCfg = Debug|Any CPU
		{85FFD13A-8E65-768F-3A08-0D8EB5908630}.Debug|x64.Build.0 = Debug|Any CPU
		{85FFD13A-8E65-768F-3A08-0D8EB5908630}.Debug|x86.ActiveCfg = Debug|Any CPU
		{85FFD13A-8E65-768F-3A08-0D8EB5908630}.Debug|x86.Build.0 = Debug|Any CPU
		{85FFD13A-8E65-768F-3A08-0D8EB5908630}.Release|Any CPU.ActiveCfg = Release|Any CPU
		{85FFD13A-8E65-768F-3A08-0D8EB5908630}.Release|Any CPU.Build.0 = Release|Any CPU
		{85FFD13A-8E65-768F-3A08-0D8EB5908630}.Release|x64.ActiveCfg = Release|Any CPU
		{85FFD13A-8E65-768F-3A08-0D8EB5908630}.Release|x64.Build.0 = Release|Any CPU
		{85FFD13A-8E65-768F-3A08-0D8EB5908630}.Release|x86.ActiveCfg = Release|Any CPU
		{85FFD13A-8E65-768F-3A08-0D8EB5908630}.Release|x86.Build.0 = Release|Any CPU
		{A49707D6-1F9B-E85A-9E42-E92D1C500D51}.Debug|Any CPU.ActiveCfg = Debug|Any CPU
		{A49707D6-1F9B-E85A-9E42-E92D1C500D51}.Debug|Any CPU.Build.0 = Debug|Any CPU
		{A49707D6-1F9B-E85A-9E42-E92D1C500D51}.Debug|x64.ActiveCfg = Debug|Any CPU
		{A49707D6-1F9B-E85A-9E42-E92D1C500D51}.Debug|x64.Build.0 = Debug|Any CPU
		{A49707D6-1F9B-E85A-9E42-E92D1C500D51}.Debug|x86.ActiveCfg = Debug|Any CPU
		{A49707D6-1F9B-E85A-9E42-E92D1C500D51}.Debug|x86.Build.0 = Debug|Any CPU
		{A49707D6-1F9B-E85A-9E42-E92D1C500D51}.Release|Any CPU.ActiveCfg = Release|Any CPU
		{A49707D6-1F9B-E85A-9E42-E92D1C500D51}.Release|Any CPU.Build.0 = Release|Any CPU
		{A49707D6-1F9B-E85A-9E42-E92D1C500D51}.Release|x64.ActiveCfg = Release|Any CPU
		{A49707D6-1F9B-E85A-9E42-E92D1C500D51}.Release|x64.Build.0 = Release|Any CPU
		{A49707D6-1F9B-E85A-9E42-E92D1C500D51}.Release|x86.ActiveCfg = Release|Any CPU
		{A49707D6-1F9B-E85A-9E42-E92D1C500D51}.Release|x86.Build.0 = Release|Any CPU
		{50625452-8EB0-466E-9DF1-7D96C5FC2FC2}.Debug|Any CPU.ActiveCfg = Debug|Any CPU
		{50625452-8EB0-466E-9DF1-7D96C5FC2FC2}.Debug|Any CPU.Build.0 = Debug|Any CPU
		{50625452-8EB0-466E-9DF1-7D96C5FC2FC2}.Debug|x64.ActiveCfg = Debug|Any CPU
		{50625452-8EB0-466E-9DF1-7D96C5FC2FC2}.Debug|x64.Build.0 = Debug|Any CPU
		{50625452-8EB0-466E-9DF1-7D96C5FC2FC2}.Debug|x86.ActiveCfg = Debug|Any CPU
		{50625452-8EB0-466E-9DF1-7D96C5FC2FC2}.Debug|x86.Build.0 = Debug|Any CPU
		{50625452-8EB0-466E-9DF1-7D96C5FC2FC2}.Release|Any CPU.ActiveCfg = Release|Any CPU
		{50625452-8EB0-466E-9DF1-7D96C5FC2FC2}.Release|Any CPU.Build.0 = Release|Any CPU
		{50625452-8EB0-466E-9DF1-7D96C5FC2FC2}.Release|x64.ActiveCfg = Release|Any CPU
		{50625452-8EB0-466E-9DF1-7D96C5FC2FC2}.Release|x64.Build.0 = Release|Any CPU
		{50625452-8EB0-466E-9DF1-7D96C5FC2FC2}.Release|x86.ActiveCfg = Release|Any CPU
		{50625452-8EB0-466E-9DF1-7D96C5FC2FC2}.Release|x86.Build.0 = Release|Any CPU
		{D5738B1F-918D-4937-800F-715FBDB24FD7}.Debug|Any CPU.ActiveCfg = Debug|Any CPU
		{D5738B1F-918D-4937-800F-715FBDB24FD7}.Debug|Any CPU.Build.0 = Debug|Any CPU
		{D5738B1F-918D-4937-800F-715FBDB24FD7}.Debug|x64.ActiveCfg = Debug|Any CPU
		{D5738B1F-918D-4937-800F-715FBDB24FD7}.Debug|x64.Build.0 = Debug|Any CPU
		{D5738B1F-918D-4937-800F-715FBDB24FD7}.Debug|x86.ActiveCfg = Debug|Any CPU
		{D5738B1F-918D-4937-800F-715FBDB24FD7}.Debug|x86.Build.0 = Debug|Any CPU
		{D5738B1F-918D-4937-800F-715FBDB24FD7}.Release|Any CPU.ActiveCfg = Release|Any CPU
		{D5738B1F-918D-4937-800F-715FBDB24FD7}.Release|Any CPU.Build.0 = Release|Any CPU
		{D5738B1F-918D-4937-800F-715FBDB24FD7}.Release|x64.ActiveCfg = Release|Any CPU
		{D5738B1F-918D-4937-800F-715FBDB24FD7}.Release|x64.Build.0 = Release|Any CPU
		{D5738B1F-918D-4937-800F-715FBDB24FD7}.Release|x86.ActiveCfg = Release|Any CPU
		{D5738B1F-918D-4937-800F-715FBDB24FD7}.Release|x86.Build.0 = Release|Any CPU
		{A2B65796-3F31-436A-AE77-EE6A92197DFC}.Debug|Any CPU.ActiveCfg = Debug|Any CPU
		{A2B65796-3F31-436A-AE77-EE6A92197DFC}.Debug|Any CPU.Build.0 = Debug|Any CPU
		{A2B65796-3F31-436A-AE77-EE6A92197DFC}.Debug|x64.ActiveCfg = Debug|Any CPU
		{A2B65796-3F31-436A-AE77-EE6A92197DFC}.Debug|x64.Build.0 = Debug|Any CPU
		{A2B65796-3F31-436A-AE77-EE6A92197DFC}.Debug|x86.ActiveCfg = Debug|Any CPU
		{A2B65796-3F31-436A-AE77-EE6A92197DFC}.Debug|x86.Build.0 = Debug|Any CPU
		{A2B65796-3F31-436A-AE77-EE6A92197DFC}.Release|Any CPU.ActiveCfg = Release|Any CPU
		{A2B65796-3F31-436A-AE77-EE6A92197DFC}.Release|Any CPU.Build.0 = Release|Any CPU
		{A2B65796-3F31-436A-AE77-EE6A92197DFC}.Release|x64.ActiveCfg = Release|Any CPU
		{A2B65796-3F31-436A-AE77-EE6A92197DFC}.Release|x64.Build.0 = Release|Any CPU
		{A2B65796-3F31-436A-AE77-EE6A92197DFC}.Release|x86.ActiveCfg = Release|Any CPU
		{A2B65796-3F31-436A-AE77-EE6A92197DFC}.Release|x86.Build.0 = Release|Any CPU
		{25AC3874-DEA2-49E5-9F70-2D1794F2CB2D}.Debug|Any CPU.ActiveCfg = Debug|Any CPU
		{25AC3874-DEA2-49E5-9F70-2D1794F2CB2D}.Debug|Any CPU.Build.0 = Debug|Any CPU
		{25AC3874-DEA2-49E5-9F70-2D1794F2CB2D}.Debug|x64.ActiveCfg = Debug|Any CPU
		{25AC3874-DEA2-49E5-9F70-2D1794F2CB2D}.Debug|x64.Build.0 = Debug|Any CPU
		{25AC3874-DEA2-49E5-9F70-2D1794F2CB2D}.Debug|x86.ActiveCfg = Debug|Any CPU
		{25AC3874-DEA2-49E5-9F70-2D1794F2CB2D}.Debug|x86.Build.0 = Debug|Any CPU
		{25AC3874-DEA2-49E5-9F70-2D1794F2CB2D}.Release|Any CPU.ActiveCfg = Release|Any CPU
		{25AC3874-DEA2-49E5-9F70-2D1794F2CB2D}.Release|Any CPU.Build.0 = Release|Any CPU
		{25AC3874-DEA2-49E5-9F70-2D1794F2CB2D}.Release|x64.ActiveCfg = Release|Any CPU
		{25AC3874-DEA2-49E5-9F70-2D1794F2CB2D}.Release|x64.Build.0 = Release|Any CPU
		{25AC3874-DEA2-49E5-9F70-2D1794F2CB2D}.Release|x86.ActiveCfg = Release|Any CPU
		{25AC3874-DEA2-49E5-9F70-2D1794F2CB2D}.Release|x86.Build.0 = Release|Any CPU
	EndGlobalSection
	GlobalSection(SolutionProperties) = preSolution
		HideSolutionNode = FALSE
	EndGlobalSection
	GlobalSection(ExtensibilityGlobals) = postSolution
		SolutionGuid = {9D71BD53-1DB1-4D83-8AAE-1FC9A834EDFB}
	EndGlobalSection
EndGlobal
